
Microsoft Visual Studio Solution File, Format Version 12.00
# Visual Studio Version 17
VisualStudioVersion = 17.13.35818.85 d17.13
MinimumVisualStudioVersion = 10.0.40219.1
Project("{FAE04EC0-301F-11D3-BF4B-00C04F79EFBC}") = "Bingo2", "Bingo2\Bingo2.csproj", "{558D6445-6216-4286-A68A-55873F9A831E}"
EndProject
Global
	GlobalSection(SolutionConfigurationPlatforms) = preSolution
		Debug|Any CPU = Debug|Any CPU
		Release|Any CPU = Release|Any CPU
	EndGlobalSection
	GlobalSection(ProjectConfigurationPlatforms) = postSolution
		{558D6445-6216-4286-A68A-55873F9A831E}.Debug|Any CPU.ActiveCfg = Debug|Any CPU
		{558D6445-6216-4286-A68A-55873F9A831E}.Debug|Any CPU.Build.0 = Debug|Any CPU
		{558D6445-6216-4286-A68A-55873F9A831E}.Release|Any CPU.ActiveCfg = Release|Any CPU
		{558D6445-6216-4286-A68A-55873F9A831E}.Release|Any CPU.Build.0 = Release|Any CPU
	EndGlobalSection
	GlobalSection(SolutionProperties) = preSolution
		HideSolutionNode = FALSE
	EndGlobalSection
	GlobalSection(ExtensibilityGlobals) = postSolution
		SolutionGuid = {3DB0DA7A-FE8B-4D2C-B69C-94EEB138EC10}
	EndGlobalSection
EndGlobal
