
Microsoft Visual Studio Solution File, Format Version 12.00
# Visual Studio Version 17
VisualStudioVersion = 17.13.35825.156 d17.13
MinimumVisualStudioVersion = 10.0.40219.1
Project("{FAE04EC0-301F-11D3-BF4B-00C04F79EFBC}") = "study38", "study38\study38.csproj", "{05E5683E-8688-405F-9A1B-2AE70001174A}"
EndProject
Global
	GlobalSection(SolutionConfigurationPlatforms) = preSolution
		Debug|Any CPU = Debug|Any CPU
		Release|Any CPU = Release|Any CPU
	EndGlobalSection
	GlobalSection(ProjectConfigurationPlatforms) = postSolution
		{05E5683E-8688-405F-9A1B-2AE70001174A}.Debug|Any CPU.ActiveCfg = Debug|Any CPU
		{05E5683E-8688-405F-9A1B-2AE70001174A}.Debug|Any CPU.Build.0 = Debug|Any CPU
		{05E5683E-8688-405F-9A1B-2AE70001174A}.Release|Any CPU.ActiveCfg = Release|Any CPU
		{05E5683E-8688-405F-9A1B-2AE70001174A}.Release|Any CPU.Build.0 = Release|Any CPU
	EndGlobalSection
	GlobalSection(SolutionProperties) = preSolution
		HideSolutionNode = FALSE
	EndGlobalSection
	GlobalSection(ExtensibilityGlobals) = postSolution
		SolutionGuid = {6C8E80B2-B4F3-44D0-A2AE-828DCFDD6056}
	EndGlobalSection
EndGlobal
