
Microsoft Visual Studio Solution File, Format Version 12.00
# Visual Studio Version 17
VisualStudioVersion = 17.13.35818.85 d17.13
MinimumVisualStudioVersion = 10.0.40219.1
Project("{FAE04EC0-301F-11D3-BF4B-00C04F79EFBC}") = "Loading", "Loading\Loading.csproj", "{81F4BF97-8D4C-4285-8E7F-121B8CE81A42}"
EndProject
Global
	GlobalSection(SolutionConfigurationPlatforms) = preSolution
		Debug|Any CPU = Debug|Any CPU
		Release|Any CPU = Release|Any CPU
	EndGlobalSection
	GlobalSection(ProjectConfigurationPlatforms) = postSolution
		{81F4BF97-8D4C-4285-8E7F-121B8CE81A42}.Debug|Any CPU.ActiveCfg = Debug|Any CPU
		{81F4BF97-8D4C-4285-8E7F-121B8CE81A42}.Debug|Any CPU.Build.0 = Debug|Any CPU
		{81F4BF97-8D4C-4285-8E7F-121B8CE81A42}.Release|Any CPU.ActiveCfg = Release|Any CPU
		{81F4BF97-8D4C-4285-8E7F-121B8CE81A42}.Release|Any CPU.Build.0 = Release|Any CPU
	EndGlobalSection
	GlobalSection(SolutionProperties) = preSolution
		HideSolutionNode = FALSE
	EndGlobalSection
	GlobalSection(ExtensibilityGlobals) = postSolution
		SolutionGuid = {7654D35D-F6CE-4D2F-973F-0E682E47C276}
	EndGlobalSection
EndGlobal
