
Microsoft Visual Studio Solution File, Format Version 12.00
# Visual Studio Version 17
VisualStudioVersion = 17.13.35825.156 d17.13
MinimumVisualStudioVersion = 10.0.40219.1
Project("{FAE04EC0-301F-11D3-BF4B-00C04F79EFBC}") = "study43", "study43\study43.csproj", "{5E55BE0F-C0DF-416D-BCB1-53D3D430920D}"
EndProject
Global
	GlobalSection(SolutionConfigurationPlatforms) = preSolution
		Debug|Any CPU = Debug|Any CPU
		Release|Any CPU = Release|Any CPU
	EndGlobalSection
	GlobalSection(ProjectConfigurationPlatforms) = postSolution
		{5E55BE0F-C0DF-416D-BCB1-53D3D430920D}.Debug|Any CPU.ActiveCfg = Debug|Any CPU
		{5E55BE0F-C0DF-416D-BCB1-53D3D430920D}.Debug|Any CPU.Build.0 = Debug|Any CPU
		{5E55BE0F-C0DF-416D-BCB1-53D3D430920D}.Release|Any CPU.ActiveCfg = Release|Any CPU
		{5E55BE0F-C0DF-416D-BCB1-53D3D430920D}.Release|Any CPU.Build.0 = Release|Any CPU
	EndGlobalSection
	GlobalSection(SolutionProperties) = preSolution
		HideSolutionNode = FALSE
	EndGlobalSection
	GlobalSection(ExtensibilityGlobals) = postSolution
		SolutionGuid = {96A87D68-CA09-4DE5-BA6E-B6F4FE1C2378}
	EndGlobalSection
EndGlobal
