
Microsoft Visual Studio Solution File, Format Version 12.00
# Visual Studio Version 17
VisualStudioVersion = 17.13.35818.85 d17.13
MinimumVisualStudioVersion = 10.0.40219.1
Project("{FAE04EC0-301F-11D3-BF4B-00C04F79EFBC}") = "TodayTask250221", "TodayTask250221\TodayTask250221.csproj", "{8DE3DB20-2C2F-4A64-9C74-253562E1DB00}"
EndProject
Global
	GlobalSection(SolutionConfigurationPlatforms) = preSolution
		Debug|Any CPU = Debug|Any CPU
		Release|Any CPU = Release|Any CPU
	EndGlobalSection
	GlobalSection(ProjectConfigurationPlatforms) = postSolution
		{8DE3DB20-2C2F-4A64-9C74-253562E1DB00}.Debug|Any CPU.ActiveCfg = Debug|Any CPU
		{8DE3DB20-2C2F-4A64-9C74-253562E1DB00}.Debug|Any CPU.Build.0 = Debug|Any CPU
		{8DE3DB20-2C2F-4A64-9C74-253562E1DB00}.Release|Any CPU.ActiveCfg = Release|Any CPU
		{8DE3DB20-2C2F-4A64-9C74-253562E1DB00}.Release|Any CPU.Build.0 = Release|Any CPU
	EndGlobalSection
	GlobalSection(SolutionProperties) = preSolution
		HideSolutionNode = FALSE
	EndGlobalSection
	GlobalSection(ExtensibilityGlobals) = postSolution
		SolutionGuid = {F0CEE661-E66D-4D09-BE2F-55BB5FC93D0E}
	EndGlobalSection
EndGlobal
