
Microsoft Visual Studio Solution File, Format Version 12.00
# Visual Studio Version 17
VisualStudioVersion = 17.13.35825.156 d17.13
MinimumVisualStudioVersion = 10.0.40219.1
Project("{FAE04EC0-301F-11D3-BF4B-00C04F79EFBC}") = "study25", "study25\study25.csproj", "{B33FCE89-36E4-4F4C-85B8-87DD793120FC}"
EndProject
Global
	GlobalSection(SolutionConfigurationPlatforms) = preSolution
		Debug|Any CPU = Debug|Any CPU
		Release|Any CPU = Release|Any CPU
	EndGlobalSection
	GlobalSection(ProjectConfigurationPlatforms) = postSolution
		{B33FCE89-36E4-4F4C-85B8-87DD793120FC}.Debug|Any CPU.ActiveCfg = Debug|Any CPU
		{B33FCE89-36E4-4F4C-85B8-87DD793120FC}.Debug|Any CPU.Build.0 = Debug|Any CPU
		{B33FCE89-36E4-4F4C-85B8-87DD793120FC}.Release|Any CPU.ActiveCfg = Release|Any CPU
		{B33FCE89-36E4-4F4C-85B8-87DD793120FC}.Release|Any CPU.Build.0 = Release|Any CPU
	EndGlobalSection
	GlobalSection(SolutionProperties) = preSolution
		HideSolutionNode = FALSE
	EndGlobalSection
	GlobalSection(ExtensibilityGlobals) = postSolution
		SolutionGuid = {661BCAE4-2D5A-4F11-B0C8-599E13FA8B12}
	EndGlobalSection
EndGlobal
