
Microsoft Visual Studio Solution File, Format Version 12.00
# Visual Studio Version 17
VisualStudioVersion = 17.13.35825.156 d17.13
MinimumVisualStudioVersion = 10.0.40219.1
Project("{FAE04EC0-301F-11D3-BF4B-00C04F79EFBC}") = "study37", "study37\study37.csproj", "{A6BBB9B7-F76C-436A-89E1-C07475C9A99F}"
EndProject
Global
	GlobalSection(SolutionConfigurationPlatforms) = preSolution
		Debug|Any CPU = Debug|Any CPU
		Release|Any CPU = Release|Any CPU
	EndGlobalSection
	GlobalSection(ProjectConfigurationPlatforms) = postSolution
		{A6BBB9B7-F76C-436A-89E1-C07475C9A99F}.Debug|Any CPU.ActiveCfg = Debug|Any CPU
		{A6BBB9B7-F76C-436A-89E1-C07475C9A99F}.Debug|Any CPU.Build.0 = Debug|Any CPU
		{A6BBB9B7-F76C-436A-89E1-C07475C9A99F}.Release|Any CPU.ActiveCfg = Release|Any CPU
		{A6BBB9B7-F76C-436A-89E1-C07475C9A99F}.Release|Any CPU.Build.0 = Release|Any CPU
	EndGlobalSection
	GlobalSection(SolutionProperties) = preSolution
		HideSolutionNode = FALSE
	EndGlobalSection
	GlobalSection(ExtensibilityGlobals) = postSolution
		SolutionGuid = {90EA094C-FD2A-4C4E-B5F1-20CFB03CA308}
	EndGlobalSection
EndGlobal
