
Microsoft Visual Studio Solution File, Format Version 12.00
# Visual Studio Version 17
VisualStudioVersion = 17.13.35818.85 d17.13
MinimumVisualStudioVersion = 10.0.40219.1
Project("{FAE04EC0-301F-11D3-BF4B-00C04F79EFBC}") = "모험가 키우기", "모험가 키우기\모험가 키우기.csproj", "{052682F8-6EF5-4321-96AA-67A2E4D23D22}"
EndProject
Global
	GlobalSection(SolutionConfigurationPlatforms) = preSolution
		Debug|Any CPU = Debug|Any CPU
		Release|Any CPU = Release|Any CPU
	EndGlobalSection
	GlobalSection(ProjectConfigurationPlatforms) = postSolution
		{052682F8-6EF5-4321-96AA-67A2E4D23D22}.Debug|Any CPU.ActiveCfg = Debug|Any CPU
		{052682F8-6EF5-4321-96AA-67A2E4D23D22}.Debug|Any CPU.Build.0 = Debug|Any CPU
		{052682F8-6EF5-4321-96AA-67A2E4D23D22}.Release|Any CPU.ActiveCfg = Release|Any CPU
		{052682F8-6EF5-4321-96AA-67A2E4D23D22}.Release|Any CPU.Build.0 = Release|Any CPU
	EndGlobalSection
	GlobalSection(SolutionProperties) = preSolution
		HideSolutionNode = FALSE
	EndGlobalSection
	GlobalSection(ExtensibilityGlobals) = postSolution
		SolutionGuid = {681E18A9-5085-471F-AB8E-96F706BE12DC}
	EndGlobalSection
EndGlobal
