
Microsoft Visual Studio Solution File, Format Version 12.00
# Visual Studio Version 17
VisualStudioVersion = 17.13.35825.156 d17.13
MinimumVisualStudioVersion = 10.0.40219.1
Project("{FAE04EC0-301F-11D3-BF4B-00C04F79EFBC}") = "study27", "study27\study27.csproj", "{A53229A8-23A6-4AA9-9BD2-5AAD53FB4BB1}"
EndProject
Global
	GlobalSection(SolutionConfigurationPlatforms) = preSolution
		Debug|Any CPU = Debug|Any CPU
		Release|Any CPU = Release|Any CPU
	EndGlobalSection
	GlobalSection(ProjectConfigurationPlatforms) = postSolution
		{A53229A8-23A6-4AA9-9BD2-5AAD53FB4BB1}.Debug|Any CPU.ActiveCfg = Debug|Any CPU
		{A53229A8-23A6-4AA9-9BD2-5AAD53FB4BB1}.Debug|Any CPU.Build.0 = Debug|Any CPU
		{A53229A8-23A6-4AA9-9BD2-5AAD53FB4BB1}.Release|Any CPU.ActiveCfg = Release|Any CPU
		{A53229A8-23A6-4AA9-9BD2-5AAD53FB4BB1}.Release|Any CPU.Build.0 = Release|Any CPU
	EndGlobalSection
	GlobalSection(SolutionProperties) = preSolution
		HideSolutionNode = FALSE
	EndGlobalSection
	GlobalSection(ExtensibilityGlobals) = postSolution
		SolutionGuid = {E354F69E-133A-42FF-8E7B-749A3324B0F5}
	EndGlobalSection
EndGlobal
