
Microsoft Visual Studio Solution File, Format Version 12.00
# Visual Studio Version 17
VisualStudioVersion = 17.13.35825.156 d17.13
MinimumVisualStudioVersion = 10.0.40219.1
Project("{FAE04EC0-301F-11D3-BF4B-00C04F79EFBC}") = "SkillSystemStudy", "SkillSystemStudy\SkillSystemStudy.csproj", "{22CD8D52-31FA-4EDF-80FD-A733928AB339}"
EndProject
Global
	GlobalSection(SolutionConfigurationPlatforms) = preSolution
		Debug|Any CPU = Debug|Any CPU
		Release|Any CPU = Release|Any CPU
	EndGlobalSection
	GlobalSection(ProjectConfigurationPlatforms) = postSolution
		{22CD8D52-31FA-4EDF-80FD-A733928AB339}.Debug|Any CPU.ActiveCfg = Debug|Any CPU
		{22CD8D52-31FA-4EDF-80FD-A733928AB339}.Debug|Any CPU.Build.0 = Debug|Any CPU
		{22CD8D52-31FA-4EDF-80FD-A733928AB339}.Release|Any CPU.ActiveCfg = Release|Any CPU
		{22CD8D52-31FA-4EDF-80FD-A733928AB339}.Release|Any CPU.Build.0 = Release|Any CPU
	EndGlobalSection
	GlobalSection(SolutionProperties) = preSolution
		HideSolutionNode = FALSE
	EndGlobalSection
	GlobalSection(ExtensibilityGlobals) = postSolution
		SolutionGuid = {7231BAFC-97CE-4014-94DA-53E6CA11C191}
	EndGlobalSection
EndGlobal
