
Microsoft Visual Studio Solution File, Format Version 12.00
# Visual Studio Version 17
VisualStudioVersion = 17.13.35818.85 d17.13
MinimumVisualStudioVersion = 10.0.40219.1
Project("{FAE04EC0-301F-11D3-BF4B-00C04F79EFBC}") = "LikeLion6ReadLine", "LikeLion6ReadLine\LikeLion6ReadLine.csproj", "{CC0547E1-A57A-4FAA-9BB1-76D309C53DAD}"
EndProject
Global
	GlobalSection(SolutionConfigurationPlatforms) = preSolution
		Debug|Any CPU = Debug|Any CPU
		Release|Any CPU = Release|Any CPU
	EndGlobalSection
	GlobalSection(ProjectConfigurationPlatforms) = postSolution
		{CC0547E1-A57A-4FAA-9BB1-76D309C53DAD}.Debug|Any CPU.ActiveCfg = Debug|Any CPU
		{CC0547E1-A57A-4FAA-9BB1-76D309C53DAD}.Debug|Any CPU.Build.0 = Debug|Any CPU
		{CC0547E1-A57A-4FAA-9BB1-76D309C53DAD}.Release|Any CPU.ActiveCfg = Release|Any CPU
		{CC0547E1-A57A-4FAA-9BB1-76D309C53DAD}.Release|Any CPU.Build.0 = Release|Any CPU
	EndGlobalSection
	GlobalSection(SolutionProperties) = preSolution
		HideSolutionNode = FALSE
	EndGlobalSection
	GlobalSection(ExtensibilityGlobals) = postSolution
		SolutionGuid = {D3B1A78B-262F-4BFE-945D-9D1EC575E910}
	EndGlobalSection
EndGlobal
