
Microsoft Visual Studio Solution File, Format Version 12.00
# Visual Studio Version 17
VisualStudioVersion = 17.13.35818.85 d17.13
MinimumVisualStudioVersion = 10.0.40219.1
Project("{FAE04EC0-301F-11D3-BF4B-00C04F79EFBC}") = "study2", "study2\study2.csproj", "{0E8B6C54-C8C6-4742-8FD6-1D1E10BCFDAF}"
EndProject
Global
	GlobalSection(SolutionConfigurationPlatforms) = preSolution
		Debug|Any CPU = Debug|Any CPU
		Release|Any CPU = Release|Any CPU
	EndGlobalSection
	GlobalSection(ProjectConfigurationPlatforms) = postSolution
		{0E8B6C54-C8C6-4742-8FD6-1D1E10BCFDAF}.Debug|Any CPU.ActiveCfg = Debug|Any CPU
		{0E8B6C54-C8C6-4742-8FD6-1D1E10BCFDAF}.Debug|Any CPU.Build.0 = Debug|Any CPU
		{0E8B6C54-C8C6-4742-8FD6-1D1E10BCFDAF}.Release|Any CPU.ActiveCfg = Release|Any CPU
		{0E8B6C54-C8C6-4742-8FD6-1D1E10BCFDAF}.Release|Any CPU.Build.0 = Release|Any CPU
	EndGlobalSection
	GlobalSection(SolutionProperties) = preSolution
		HideSolutionNode = FALSE
	EndGlobalSection
	GlobalSection(ExtensibilityGlobals) = postSolution
		SolutionGuid = {FDE11BE5-18FF-4E75-90EA-EE88BBE54249}
	EndGlobalSection
EndGlobal
