
Microsoft Visual Studio Solution File, Format Version 12.00
# Visual Studio Version 17
VisualStudioVersion = 17.13.35818.85 d17.13
MinimumVisualStudioVersion = 10.0.40219.1
Project("{FAE04EC0-301F-11D3-BF4B-00C04F79EFBC}") = "temp", "temp\temp.csproj", "{DC7EE933-5CA7-49DC-817E-EE2C1A2D0D15}"
EndProject
Global
	GlobalSection(SolutionConfigurationPlatforms) = preSolution
		Debug|Any CPU = Debug|Any CPU
		Release|Any CPU = Release|Any CPU
	EndGlobalSection
	GlobalSection(ProjectConfigurationPlatforms) = postSolution
		{DC7EE933-5CA7-49DC-817E-EE2C1A2D0D15}.Debug|Any CPU.ActiveCfg = Debug|Any CPU
		{DC7EE933-5CA7-49DC-817E-EE2C1A2D0D15}.Debug|Any CPU.Build.0 = Debug|Any CPU
		{DC7EE933-5CA7-49DC-817E-EE2C1A2D0D15}.Release|Any CPU.ActiveCfg = Release|Any CPU
		{DC7EE933-5CA7-49DC-817E-EE2C1A2D0D15}.Release|Any CPU.Build.0 = Release|Any CPU
	EndGlobalSection
	GlobalSection(SolutionProperties) = preSolution
		HideSolutionNode = FALSE
	EndGlobalSection
	GlobalSection(ExtensibilityGlobals) = postSolution
		SolutionGuid = {0827F305-61DA-4E6E-BB71-439D63FE1391}
	EndGlobalSection
EndGlobal
