
Microsoft Visual Studio Solution File, Format Version 12.00
# Visual Studio Version 17
VisualStudioVersion = 17.13.35825.156 d17.13
MinimumVisualStudioVersion = 10.0.40219.1
Project("{FAE04EC0-301F-11D3-BF4B-00C04F79EFBC}") = "study29", "study29\study29.csproj", "{761EA0B5-B1E7-4240-9C61-7A63B3889813}"
EndProject
Global
	GlobalSection(SolutionConfigurationPlatforms) = preSolution
		Debug|Any CPU = Debug|Any CPU
		Release|Any CPU = Release|Any CPU
	EndGlobalSection
	GlobalSection(ProjectConfigurationPlatforms) = postSolution
		{761EA0B5-B1E7-4240-9C61-7A63B3889813}.Debug|Any CPU.ActiveCfg = Debug|Any CPU
		{761EA0B5-B1E7-4240-9C61-7A63B3889813}.Debug|Any CPU.Build.0 = Debug|Any CPU
		{761EA0B5-B1E7-4240-9C61-7A63B3889813}.Release|Any CPU.ActiveCfg = Release|Any CPU
		{761EA0B5-B1E7-4240-9C61-7A63B3889813}.Release|Any CPU.Build.0 = Release|Any CPU
	EndGlobalSection
	GlobalSection(SolutionProperties) = preSolution
		HideSolutionNode = FALSE
	EndGlobalSection
	GlobalSection(ExtensibilityGlobals) = postSolution
		SolutionGuid = {509756DF-FED0-47B6-BAA9-8B7DE2F7E34B}
	EndGlobalSection
EndGlobal
