
Microsoft Visual Studio Solution File, Format Version 12.00
# Visual Studio Version 17
VisualStudioVersion = 17.13.35818.85 d17.13
MinimumVisualStudioVersion = 10.0.40219.1
Project("{FAE04EC0-301F-11D3-BF4B-00C04F79EFBC}") = "study1", "study1\study1.csproj", "{56482B16-C3DE-439B-8381-3DF8038A019F}"
EndProject
Global
	GlobalSection(SolutionConfigurationPlatforms) = preSolution
		Debug|Any CPU = Debug|Any CPU
		Release|Any CPU = Release|Any CPU
	EndGlobalSection
	GlobalSection(ProjectConfigurationPlatforms) = postSolution
		{56482B16-C3DE-439B-8381-3DF8038A019F}.Debug|Any CPU.ActiveCfg = Debug|Any CPU
		{56482B16-C3DE-439B-8381-3DF8038A019F}.Debug|Any CPU.Build.0 = Debug|Any CPU
		{56482B16-C3DE-439B-8381-3DF8038A019F}.Release|Any CPU.ActiveCfg = Release|Any CPU
		{56482B16-C3DE-439B-8381-3DF8038A019F}.Release|Any CPU.Build.0 = Release|Any CPU
	EndGlobalSection
	GlobalSection(SolutionProperties) = preSolution
		HideSolutionNode = FALSE
	EndGlobalSection
	GlobalSection(ExtensibilityGlobals) = postSolution
		SolutionGuid = {0DF4E978-9A7E-4AF1-AA35-EB2812629F28}
	EndGlobalSection
EndGlobal
