
Microsoft Visual Studio Solution File, Format Version 12.00
# Visual Studio Version 17
VisualStudioVersion = 17.13.35825.156 d17.13
MinimumVisualStudioVersion = 10.0.40219.1
Project("{FAE04EC0-301F-11D3-BF4B-00C04F79EFBC}") = "TodayTask250304", "TodayTask250304\TodayTask250304.csproj", "{08FB6EA0-9456-4639-BC46-E032FE2892EB}"
EndProject
Global
	GlobalSection(SolutionConfigurationPlatforms) = preSolution
		Debug|Any CPU = Debug|Any CPU
		Release|Any CPU = Release|Any CPU
	EndGlobalSection
	GlobalSection(ProjectConfigurationPlatforms) = postSolution
		{08FB6EA0-9456-4639-BC46-E032FE2892EB}.Debug|Any CPU.ActiveCfg = Debug|Any CPU
		{08FB6EA0-9456-4639-BC46-E032FE2892EB}.Debug|Any CPU.Build.0 = Debug|Any CPU
		{08FB6EA0-9456-4639-BC46-E032FE2892EB}.Release|Any CPU.ActiveCfg = Release|Any CPU
		{08FB6EA0-9456-4639-BC46-E032FE2892EB}.Release|Any CPU.Build.0 = Release|Any CPU
	EndGlobalSection
	GlobalSection(SolutionProperties) = preSolution
		HideSolutionNode = FALSE
	EndGlobalSection
	GlobalSection(ExtensibilityGlobals) = postSolution
		SolutionGuid = {82A80E6F-3104-4C96-8318-2C798D3AFDE4}
	EndGlobalSection
EndGlobal
