
Microsoft Visual Studio Solution File, Format Version 12.00
# Visual Studio Version 17
VisualStudioVersion = 17.13.35825.156 d17.13
MinimumVisualStudioVersion = 10.0.40219.1
Project("{FAE04EC0-301F-11D3-BF4B-00C04F79EFBC}") = "ShootingGame3", "ShootingGame3\ShootingGame3.csproj", "{AA403FC8-64E6-4967-8514-95B60ABF7928}"
EndProject
Global
	GlobalSection(SolutionConfigurationPlatforms) = preSolution
		Debug|Any CPU = Debug|Any CPU
		Release|Any CPU = Release|Any CPU
	EndGlobalSection
	GlobalSection(ProjectConfigurationPlatforms) = postSolution
		{AA403FC8-64E6-4967-8514-95B60ABF7928}.Debug|Any CPU.ActiveCfg = Debug|Any CPU
		{AA403FC8-64E6-4967-8514-95B60ABF7928}.Debug|Any CPU.Build.0 = Debug|Any CPU
		{AA403FC8-64E6-4967-8514-95B60ABF7928}.Release|Any CPU.ActiveCfg = Release|Any CPU
		{AA403FC8-64E6-4967-8514-95B60ABF7928}.Release|Any CPU.Build.0 = Release|Any CPU
	EndGlobalSection
	GlobalSection(SolutionProperties) = preSolution
		HideSolutionNode = FALSE
	EndGlobalSection
	GlobalSection(ExtensibilityGlobals) = postSolution
		SolutionGuid = {2853534D-B36A-4397-8D31-FF920E2EE844}
	EndGlobalSection
EndGlobal
