
Microsoft Visual Studio Solution File, Format Version 12.00
# Visual Studio Version 17
VisualStudioVersion = 17.13.35818.85 d17.13
MinimumVisualStudioVersion = 10.0.40219.1
Project("{FAE04EC0-301F-11D3-BF4B-00C04F79EFBC}") = "study3", "study3\study3.csproj", "{8AA30588-5DC9-4D07-B3FA-6399DEA33D08}"
EndProject
Global
	GlobalSection(SolutionConfigurationPlatforms) = preSolution
		Debug|Any CPU = Debug|Any CPU
		Release|Any CPU = Release|Any CPU
	EndGlobalSection
	GlobalSection(ProjectConfigurationPlatforms) = postSolution
		{8AA30588-5DC9-4D07-B3FA-6399DEA33D08}.Debug|Any CPU.ActiveCfg = Debug|Any CPU
		{8AA30588-5DC9-4D07-B3FA-6399DEA33D08}.Debug|Any CPU.Build.0 = Debug|Any CPU
		{8AA30588-5DC9-4D07-B3FA-6399DEA33D08}.Release|Any CPU.ActiveCfg = Release|Any CPU
		{8AA30588-5DC9-4D07-B3FA-6399DEA33D08}.Release|Any CPU.Build.0 = Release|Any CPU
	EndGlobalSection
	GlobalSection(SolutionProperties) = preSolution
		HideSolutionNode = FALSE
	EndGlobalSection
	GlobalSection(ExtensibilityGlobals) = postSolution
		SolutionGuid = {1D5DCBB2-4C9E-4267-98CB-D94020F9E63B}
	EndGlobalSection
EndGlobal
