
Microsoft Visual Studio Solution File, Format Version 12.00
# Visual Studio Version 17
VisualStudioVersion = 17.13.35818.85 d17.13
MinimumVisualStudioVersion = 10.0.40219.1
Project("{FAE04EC0-301F-11D3-BF4B-00C04F79EFBC}") = "TodayTask250225", "TodayTask250225\TodayTask250225.csproj", "{AFB64BAA-FA19-4D62-A66A-8AD7811167CA}"
EndProject
Global
	GlobalSection(SolutionConfigurationPlatforms) = preSolution
		Debug|Any CPU = Debug|Any CPU
		Release|Any CPU = Release|Any CPU
	EndGlobalSection
	GlobalSection(ProjectConfigurationPlatforms) = postSolution
		{AFB64BAA-FA19-4D62-A66A-8AD7811167CA}.Debug|Any CPU.ActiveCfg = Debug|Any CPU
		{AFB64BAA-FA19-4D62-A66A-8AD7811167CA}.Debug|Any CPU.Build.0 = Debug|Any CPU
		{AFB64BAA-FA19-4D62-A66A-8AD7811167CA}.Release|Any CPU.ActiveCfg = Release|Any CPU
		{AFB64BAA-FA19-4D62-A66A-8AD7811167CA}.Release|Any CPU.Build.0 = Release|Any CPU
	EndGlobalSection
	GlobalSection(SolutionProperties) = preSolution
		HideSolutionNode = FALSE
	EndGlobalSection
	GlobalSection(ExtensibilityGlobals) = postSolution
		SolutionGuid = {B4E9E6E9-A773-4D6B-A925-06F62EDB8009}
	EndGlobalSection
EndGlobal
