
Microsoft Visual Studio Solution File, Format Version 12.00
# Visual Studio Version 17
VisualStudioVersion = 17.13.35825.156 d17.13
MinimumVisualStudioVersion = 10.0.40219.1
Project("{FAE04EC0-301F-11D3-BF4B-00C04F79EFBC}") = "TodayTask250306", "TodayTask250306\TodayTask250306.csproj", "{9B66FD21-1788-4EA4-9C94-3DADCDC75B1A}"
EndProject
Global
	GlobalSection(SolutionConfigurationPlatforms) = preSolution
		Debug|Any CPU = Debug|Any CPU
		Release|Any CPU = Release|Any CPU
	EndGlobalSection
	GlobalSection(ProjectConfigurationPlatforms) = postSolution
		{9B66FD21-1788-4EA4-9C94-3DADCDC75B1A}.Debug|Any CPU.ActiveCfg = Debug|Any CPU
		{9B66FD21-1788-4EA4-9C94-3DADCDC75B1A}.Debug|Any CPU.Build.0 = Debug|Any CPU
		{9B66FD21-1788-4EA4-9C94-3DADCDC75B1A}.Release|Any CPU.ActiveCfg = Release|Any CPU
		{9B66FD21-1788-4EA4-9C94-3DADCDC75B1A}.Release|Any CPU.Build.0 = Release|Any CPU
	EndGlobalSection
	GlobalSection(SolutionProperties) = preSolution
		HideSolutionNode = FALSE
	EndGlobalSection
	GlobalSection(ExtensibilityGlobals) = postSolution
		SolutionGuid = {B3D0BAC5-4796-4F0B-A9C4-DA21A0540F45}
	EndGlobalSection
EndGlobal
