
Microsoft Visual Studio Solution File, Format Version 12.00
# Visual Studio Version 17
VisualStudioVersion = 17.13.35818.85 d17.13
MinimumVisualStudioVersion = 10.0.40219.1
Project("{FAE04EC0-301F-11D3-BF4B-00C04F79EFBC}") = "LikeLion4", "LikeLion4\LikeLion4.csproj", "{22BD9B02-793B-456E-BB63-11F8A4279FF3}"
EndProject
Global
	GlobalSection(SolutionConfigurationPlatforms) = preSolution
		Debug|Any CPU = Debug|Any CPU
		Release|Any CPU = Release|Any CPU
	EndGlobalSection
	GlobalSection(ProjectConfigurationPlatforms) = postSolution
		{22BD9B02-793B-456E-BB63-11F8A4279FF3}.Debug|Any CPU.ActiveCfg = Debug|Any CPU
		{22BD9B02-793B-456E-BB63-11F8A4279FF3}.Debug|Any CPU.Build.0 = Debug|Any CPU
		{22BD9B02-793B-456E-BB63-11F8A4279FF3}.Release|Any CPU.ActiveCfg = Release|Any CPU
		{22BD9B02-793B-456E-BB63-11F8A4279FF3}.Release|Any CPU.Build.0 = Release|Any CPU
	EndGlobalSection
	GlobalSection(SolutionProperties) = preSolution
		HideSolutionNode = FALSE
	EndGlobalSection
	GlobalSection(ExtensibilityGlobals) = postSolution
		SolutionGuid = {0E8DE499-399F-4DD7-8789-5190F8FA2F53}
	EndGlobalSection
EndGlobal
