
Microsoft Visual Studio Solution File, Format Version 12.00
# Visual Studio Version 17
VisualStudioVersion = 17.13.35825.156 d17.13
MinimumVisualStudioVersion = 10.0.40219.1
Project("{FAE04EC0-301F-11D3-BF4B-00C04F79EFBC}") = "study41", "study41\study41.csproj", "{459A6BE3-A9A8-4152-947E-246521C404CE}"
EndProject
Global
	GlobalSection(SolutionConfigurationPlatforms) = preSolution
		Debug|Any CPU = Debug|Any CPU
		Release|Any CPU = Release|Any CPU
	EndGlobalSection
	GlobalSection(ProjectConfigurationPlatforms) = postSolution
		{459A6BE3-A9A8-4152-947E-246521C404CE}.Debug|Any CPU.ActiveCfg = Debug|Any CPU
		{459A6BE3-A9A8-4152-947E-246521C404CE}.Debug|Any CPU.Build.0 = Debug|Any CPU
		{459A6BE3-A9A8-4152-947E-246521C404CE}.Release|Any CPU.ActiveCfg = Release|Any CPU
		{459A6BE3-A9A8-4152-947E-246521C404CE}.Release|Any CPU.Build.0 = Release|Any CPU
	EndGlobalSection
	GlobalSection(SolutionProperties) = preSolution
		HideSolutionNode = FALSE
	EndGlobalSection
	GlobalSection(ExtensibilityGlobals) = postSolution
		SolutionGuid = {73CE93A1-716F-4E84-AEEB-B4C24FC79D5A}
	EndGlobalSection
EndGlobal
