
Microsoft Visual Studio Solution File, Format Version 12.00
# Visual Studio Version 17
VisualStudioVersion = 17.13.35825.156 d17.13
MinimumVisualStudioVersion = 10.0.40219.1
Project("{FAE04EC0-301F-11D3-BF4B-00C04F79EFBC}") = "study40", "study40\study40.csproj", "{F697E676-799A-43A7-8F75-B736AB270A32}"
EndProject
Global
	GlobalSection(SolutionConfigurationPlatforms) = preSolution
		Debug|Any CPU = Debug|Any CPU
		Release|Any CPU = Release|Any CPU
	EndGlobalSection
	GlobalSection(ProjectConfigurationPlatforms) = postSolution
		{F697E676-799A-43A7-8F75-B736AB270A32}.Debug|Any CPU.ActiveCfg = Debug|Any CPU
		{F697E676-799A-43A7-8F75-B736AB270A32}.Debug|Any CPU.Build.0 = Debug|Any CPU
		{F697E676-799A-43A7-8F75-B736AB270A32}.Release|Any CPU.ActiveCfg = Release|Any CPU
		{F697E676-799A-43A7-8F75-B736AB270A32}.Release|Any CPU.Build.0 = Release|Any CPU
	EndGlobalSection
	GlobalSection(SolutionProperties) = preSolution
		HideSolutionNode = FALSE
	EndGlobalSection
	GlobalSection(ExtensibilityGlobals) = postSolution
		SolutionGuid = {998C8DF4-65E6-460A-9BD8-6FA60D9CFAFE}
	EndGlobalSection
EndGlobal
