
Microsoft Visual Studio Solution File, Format Version 12.00
# Visual Studio Version 17
VisualStudioVersion = 17.13.35825.156 d17.13
MinimumVisualStudioVersion = 10.0.40219.1
Project("{FAE04EC0-301F-11D3-BF4B-00C04F79EFBC}") = "study26", "study26\study26.csproj", "{3E86E126-9378-4BE1-B339-079E16DCCC2D}"
EndProject
Global
	GlobalSection(SolutionConfigurationPlatforms) = preSolution
		Debug|Any CPU = Debug|Any CPU
		Release|Any CPU = Release|Any CPU
	EndGlobalSection
	GlobalSection(ProjectConfigurationPlatforms) = postSolution
		{3E86E126-9378-4BE1-B339-079E16DCCC2D}.Debug|Any CPU.ActiveCfg = Debug|Any CPU
		{3E86E126-9378-4BE1-B339-079E16DCCC2D}.Debug|Any CPU.Build.0 = Debug|Any CPU
		{3E86E126-9378-4BE1-B339-079E16DCCC2D}.Release|Any CPU.ActiveCfg = Release|Any CPU
		{3E86E126-9378-4BE1-B339-079E16DCCC2D}.Release|Any CPU.Build.0 = Release|Any CPU
	EndGlobalSection
	GlobalSection(SolutionProperties) = preSolution
		HideSolutionNode = FALSE
	EndGlobalSection
	GlobalSection(ExtensibilityGlobals) = postSolution
		SolutionGuid = {319FF669-CC04-4225-B622-2673BBC82636}
	EndGlobalSection
EndGlobal
