
Microsoft Visual Studio Solution File, Format Version 12.00
# Visual Studio Version 17
VisualStudioVersion = 17.13.35818.85 d17.13
MinimumVisualStudioVersion = 10.0.40219.1
Project("{FAE04EC0-301F-11D3-BF4B-00C04F79EFBC}") = "TodayTask1", "TodayTask1\TodayTask1.csproj", "{7FA98A5C-8790-4949-8711-348C1D6EDD68}"
EndProject
Global
	GlobalSection(SolutionConfigurationPlatforms) = preSolution
		Debug|Any CPU = Debug|Any CPU
		Release|Any CPU = Release|Any CPU
	EndGlobalSection
	GlobalSection(ProjectConfigurationPlatforms) = postSolution
		{7FA98A5C-8790-4949-8711-348C1D6EDD68}.Debug|Any CPU.ActiveCfg = Debug|Any CPU
		{7FA98A5C-8790-4949-8711-348C1D6EDD68}.Debug|Any CPU.Build.0 = Debug|Any CPU
		{7FA98A5C-8790-4949-8711-348C1D6EDD68}.Release|Any CPU.ActiveCfg = Release|Any CPU
		{7FA98A5C-8790-4949-8711-348C1D6EDD68}.Release|Any CPU.Build.0 = Release|Any CPU
	EndGlobalSection
	GlobalSection(SolutionProperties) = preSolution
		HideSolutionNode = FALSE
	EndGlobalSection
	GlobalSection(ExtensibilityGlobals) = postSolution
		SolutionGuid = {FA0C2C38-E9AB-4587-9AE2-4A4FB723286A}
	EndGlobalSection
EndGlobal
