
Microsoft Visual Studio Solution File, Format Version 12.00
# Visual Studio Version 17
VisualStudioVersion = 17.13.35825.156 d17.13
MinimumVisualStudioVersion = 10.0.40219.1
Project("{FAE04EC0-301F-11D3-BF4B-00C04F79EFBC}") = "TextRPG", "TextRPG\TextRPG.csproj", "{11BE865C-BE48-42A0-9A61-24951666E75E}"
EndProject
Global
	GlobalSection(SolutionConfigurationPlatforms) = preSolution
		Debug|Any CPU = Debug|Any CPU
		Release|Any CPU = Release|Any CPU
	EndGlobalSection
	GlobalSection(ProjectConfigurationPlatforms) = postSolution
		{11BE865C-BE48-42A0-9A61-24951666E75E}.Debug|Any CPU.ActiveCfg = Debug|Any CPU
		{11BE865C-BE48-42A0-9A61-24951666E75E}.Debug|Any CPU.Build.0 = Debug|Any CPU
		{11BE865C-BE48-42A0-9A61-24951666E75E}.Release|Any CPU.ActiveCfg = Release|Any CPU
		{11BE865C-BE48-42A0-9A61-24951666E75E}.Release|Any CPU.Build.0 = Release|Any CPU
	EndGlobalSection
	GlobalSection(SolutionProperties) = preSolution
		HideSolutionNode = FALSE
	EndGlobalSection
	GlobalSection(ExtensibilityGlobals) = postSolution
		SolutionGuid = {6F41AFE8-35B2-4881-893C-3B32071F3753}
	EndGlobalSection
EndGlobal
