
Microsoft Visual Studio Solution File, Format Version 12.00
# Visual Studio Version 17
VisualStudioVersion = 17.13.35818.85 d17.13
MinimumVisualStudioVersion = 10.0.40219.1
Project("{FAE04EC0-301F-11D3-BF4B-00C04F79EFBC}") = "대장장이 키우기", "대장장이 키우기\대장장이 키우기.csproj", "{52198427-E07B-4FAE-A694-AD808541F654}"
EndProject
Global
	GlobalSection(SolutionConfigurationPlatforms) = preSolution
		Debug|Any CPU = Debug|Any CPU
		Release|Any CPU = Release|Any CPU
	EndGlobalSection
	GlobalSection(ProjectConfigurationPlatforms) = postSolution
		{52198427-E07B-4FAE-A694-AD808541F654}.Debug|Any CPU.ActiveCfg = Debug|Any CPU
		{52198427-E07B-4FAE-A694-AD808541F654}.Debug|Any CPU.Build.0 = Debug|Any CPU
		{52198427-E07B-4FAE-A694-AD808541F654}.Release|Any CPU.ActiveCfg = Release|Any CPU
		{52198427-E07B-4FAE-A694-AD808541F654}.Release|Any CPU.Build.0 = Release|Any CPU
	EndGlobalSection
	GlobalSection(SolutionProperties) = preSolution
		HideSolutionNode = FALSE
	EndGlobalSection
	GlobalSection(ExtensibilityGlobals) = postSolution
		SolutionGuid = {B5923E1F-68D8-4152-BA9F-BE88648D2367}
	EndGlobalSection
EndGlobal
