
Microsoft Visual Studio Solution File, Format Version 12.00
# Visual Studio Version 17
VisualStudioVersion = 17.13.35825.156 d17.13
MinimumVisualStudioVersion = 10.0.40219.1
Project("{FAE04EC0-301F-11D3-BF4B-00C04F79EFBC}") = "InterfaceExam2", "InterfaceExam2\InterfaceExam2.csproj", "{54C35B84-D4F2-41D8-B76D-B82B478698BA}"
EndProject
Global
	GlobalSection(SolutionConfigurationPlatforms) = preSolution
		Debug|Any CPU = Debug|Any CPU
		Release|Any CPU = Release|Any CPU
	EndGlobalSection
	GlobalSection(ProjectConfigurationPlatforms) = postSolution
		{54C35B84-D4F2-41D8-B76D-B82B478698BA}.Debug|Any CPU.ActiveCfg = Debug|Any CPU
		{54C35B84-D4F2-41D8-B76D-B82B478698BA}.Debug|Any CPU.Build.0 = Debug|Any CPU
		{54C35B84-D4F2-41D8-B76D-B82B478698BA}.Release|Any CPU.ActiveCfg = Release|Any CPU
		{54C35B84-D4F2-41D8-B76D-B82B478698BA}.Release|Any CPU.Build.0 = Release|Any CPU
	EndGlobalSection
	GlobalSection(SolutionProperties) = preSolution
		HideSolutionNode = FALSE
	EndGlobalSection
	GlobalSection(ExtensibilityGlobals) = postSolution
		SolutionGuid = {5F6996C8-9C98-463D-A692-1C1C3B53D32B}
	EndGlobalSection
EndGlobal
