
Microsoft Visual Studio Solution File, Format Version 12.00
# Visual Studio Version 17
VisualStudioVersion = 17.13.35825.156 d17.13
MinimumVisualStudioVersion = 10.0.40219.1
Project("{FAE04EC0-301F-11D3-BF4B-00C04F79EFBC}") = "study36", "study36\study36.csproj", "{B89B0F56-A959-4156-B492-68B1E2C3CB1D}"
EndProject
Global
	GlobalSection(SolutionConfigurationPlatforms) = preSolution
		Debug|Any CPU = Debug|Any CPU
		Release|Any CPU = Release|Any CPU
	EndGlobalSection
	GlobalSection(ProjectConfigurationPlatforms) = postSolution
		{B89B0F56-A959-4156-B492-68B1E2C3CB1D}.Debug|Any CPU.ActiveCfg = Debug|Any CPU
		{B89B0F56-A959-4156-B492-68B1E2C3CB1D}.Debug|Any CPU.Build.0 = Debug|Any CPU
		{B89B0F56-A959-4156-B492-68B1E2C3CB1D}.Release|Any CPU.ActiveCfg = Release|Any CPU
		{B89B0F56-A959-4156-B492-68B1E2C3CB1D}.Release|Any CPU.Build.0 = Release|Any CPU
	EndGlobalSection
	GlobalSection(SolutionProperties) = preSolution
		HideSolutionNode = FALSE
	EndGlobalSection
	GlobalSection(ExtensibilityGlobals) = postSolution
		SolutionGuid = {1BD4401D-D22B-4562-B78E-8CF17E705D0D}
	EndGlobalSection
EndGlobal
