
Microsoft Visual Studio Solution File, Format Version 12.00
# Visual Studio Version 17
VisualStudioVersion = 17.13.35825.156 d17.13
MinimumVisualStudioVersion = 10.0.40219.1
Project("{FAE04EC0-301F-11D3-BF4B-00C04F79EFBC}") = "TodayTask250307", "TodayTask250307\TodayTask250307.csproj", "{61030737-43B2-46C6-B9FB-F5D3A88218C0}"
EndProject
Global
	GlobalSection(SolutionConfigurationPlatforms) = preSolution
		Debug|Any CPU = Debug|Any CPU
		Release|Any CPU = Release|Any CPU
	EndGlobalSection
	GlobalSection(ProjectConfigurationPlatforms) = postSolution
		{61030737-43B2-46C6-B9FB-F5D3A88218C0}.Debug|Any CPU.ActiveCfg = Debug|Any CPU
		{61030737-43B2-46C6-B9FB-F5D3A88218C0}.Debug|Any CPU.Build.0 = Debug|Any CPU
		{61030737-43B2-46C6-B9FB-F5D3A88218C0}.Release|Any CPU.ActiveCfg = Release|Any CPU
		{61030737-43B2-46C6-B9FB-F5D3A88218C0}.Release|Any CPU.Build.0 = Release|Any CPU
	EndGlobalSection
	GlobalSection(SolutionProperties) = preSolution
		HideSolutionNode = FALSE
	EndGlobalSection
	GlobalSection(ExtensibilityGlobals) = postSolution
		SolutionGuid = {A4A0C593-7771-4CA2-AC39-6A991C9E6CFD}
	EndGlobalSection
EndGlobal
