
Microsoft Visual Studio Solution File, Format Version 12.00
# Visual Studio Version 17
VisualStudioVersion = 17.13.35818.85 d17.13
MinimumVisualStudioVersion = 10.0.40219.1
Project("{FAE04EC0-301F-11D3-BF4B-00C04F79EFBC}") = "ShootingGame1", "ShootingGame1\ShootingGame1.csproj", "{AB08209E-36F6-4FDF-B8F5-EC08779A9723}"
EndProject
Global
	GlobalSection(SolutionConfigurationPlatforms) = preSolution
		Debug|Any CPU = Debug|Any CPU
		Release|Any CPU = Release|Any CPU
	EndGlobalSection
	GlobalSection(ProjectConfigurationPlatforms) = postSolution
		{AB08209E-36F6-4FDF-B8F5-EC08779A9723}.Debug|Any CPU.ActiveCfg = Debug|Any CPU
		{AB08209E-36F6-4FDF-B8F5-EC08779A9723}.Debug|Any CPU.Build.0 = Debug|Any CPU
		{AB08209E-36F6-4FDF-B8F5-EC08779A9723}.Release|Any CPU.ActiveCfg = Release|Any CPU
		{AB08209E-36F6-4FDF-B8F5-EC08779A9723}.Release|Any CPU.Build.0 = Release|Any CPU
	EndGlobalSection
	GlobalSection(SolutionProperties) = preSolution
		HideSolutionNode = FALSE
	EndGlobalSection
	GlobalSection(ExtensibilityGlobals) = postSolution
		SolutionGuid = {B8A40BFA-BD61-467C-B2DE-6B996E567DB5}
	EndGlobalSection
EndGlobal
