
Microsoft Visual Studio Solution File, Format Version 12.00
# Visual Studio Version 17
VisualStudioVersion = 17.13.35818.85 d17.13
MinimumVisualStudioVersion = 10.0.40219.1
Project("{FAE04EC0-301F-11D3-BF4B-00C04F79EFBC}") = "study15", "study15\study15.csproj", "{AB69B71D-6529-444D-AFCB-F9797BBADF1B}"
EndProject
Global
	GlobalSection(SolutionConfigurationPlatforms) = preSolution
		Debug|Any CPU = Debug|Any CPU
		Release|Any CPU = Release|Any CPU
	EndGlobalSection
	GlobalSection(ProjectConfigurationPlatforms) = postSolution
		{AB69B71D-6529-444D-AFCB-F9797BBADF1B}.Debug|Any CPU.ActiveCfg = Debug|Any CPU
		{AB69B71D-6529-444D-AFCB-F9797BBADF1B}.Debug|Any CPU.Build.0 = Debug|Any CPU
		{AB69B71D-6529-444D-AFCB-F9797BBADF1B}.Release|Any CPU.ActiveCfg = Release|Any CPU
		{AB69B71D-6529-444D-AFCB-F9797BBADF1B}.Release|Any CPU.Build.0 = Release|Any CPU
	EndGlobalSection
	GlobalSection(SolutionProperties) = preSolution
		HideSolutionNode = FALSE
	EndGlobalSection
	GlobalSection(ExtensibilityGlobals) = postSolution
		SolutionGuid = {444A1678-C5BB-457C-B981-15B0F9132B4E}
	EndGlobalSection
EndGlobal
