
Microsoft Visual Studio Solution File, Format Version 12.00
# Visual Studio Version 17
VisualStudioVersion = 17.13.35825.156 d17.13
MinimumVisualStudioVersion = 10.0.40219.1
Project("{FAE04EC0-301F-11D3-BF4B-00C04F79EFBC}") = "study30", "study30\study30.csproj", "{0A87A588-87B1-427D-AD5F-4569842498E3}"
EndProject
Global
	GlobalSection(SolutionConfigurationPlatforms) = preSolution
		Debug|Any CPU = Debug|Any CPU
		Release|Any CPU = Release|Any CPU
	EndGlobalSection
	GlobalSection(ProjectConfigurationPlatforms) = postSolution
		{0A87A588-87B1-427D-AD5F-4569842498E3}.Debug|Any CPU.ActiveCfg = Debug|Any CPU
		{0A87A588-87B1-427D-AD5F-4569842498E3}.Debug|Any CPU.Build.0 = Debug|Any CPU
		{0A87A588-87B1-427D-AD5F-4569842498E3}.Release|Any CPU.ActiveCfg = Release|Any CPU
		{0A87A588-87B1-427D-AD5F-4569842498E3}.Release|Any CPU.Build.0 = Release|Any CPU
	EndGlobalSection
	GlobalSection(SolutionProperties) = preSolution
		HideSolutionNode = FALSE
	EndGlobalSection
	GlobalSection(ExtensibilityGlobals) = postSolution
		SolutionGuid = {BA221E35-2577-47E7-97EF-3A92F96D11AD}
	EndGlobalSection
EndGlobal
